
Microsoft Visual Studio Solution File, Format Version 12.00
# Visual Studio Version 17
VisualStudioVersion = 17.3.32811.315
MinimumVisualStudioVersion = 10.0.40219.1
Project("{2150E333-8FDC-42A3-9474-1A3956D46DE8}") = "Readers", "Readers", "{46D2EA9C-978D-4914-B561-CCBAA1D164F7}"
EndProject
Project("{9A19103F-16F7-4668-BE54-9A1E7A4F7556}") = "Filuet.Hardware.CardReaders.ICT3K5", "Readers\ICT3K5\Filuet.Hardware.CardReaders.ICT3K5.csproj", "{25D32B3E-26A1-4AC3-A541-557CA48EB034}"
EndProject
Project("{FAE04EC0-301F-11D3-BF4B-00C04F79EFBC}") = "Filuet.Hardware.CardReaders.Tests", "Readers\Test\Filuet.Hardware.CardReaders.Tests.csproj", "{C335B1E1-CD17-4611-9A2F-900C789A828A}"
EndProject
Project("{FAE04EC0-301F-11D3-BF4B-00C04F79EFBC}") = "Filuet.Hardware.CardReaders.PoC", "Readers\PoC\Filuet.Hardware.CardReaders.PoC.csproj", "{D6334476-1512-4087-BD12-B61D93B9A017}"
EndProject
Global
	GlobalSection(SolutionConfigurationPlatforms) = preSolution
		Debug|Any CPU = Debug|Any CPU
		Release|Any CPU = Release|Any CPU
	EndGlobalSection
	GlobalSection(ProjectConfigurationPlatforms) = postSolution
		{25D32B3E-26A1-4AC3-A541-557CA48EB034}.Debug|Any CPU.ActiveCfg = Debug|Any CPU
		{25D32B3E-26A1-4AC3-A541-557CA48EB034}.Debug|Any CPU.Build.0 = Debug|Any CPU
		{25D32B3E-26A1-4AC3-A541-557CA48EB034}.Release|Any CPU.ActiveCfg = Release|Any CPU
		{25D32B3E-26A1-4AC3-A541-557CA48EB034}.Release|Any CPU.Build.0 = Release|Any CPU
		{C335B1E1-CD17-4611-9A2F-900C789A828A}.Debug|Any CPU.ActiveCfg = Debug|Any CPU
		{C335B1E1-CD17-4611-9A2F-900C789A828A}.Debug|Any CPU.Build.0 = Debug|Any CPU
		{C335B1E1-CD17-4611-9A2F-900C789A828A}.Release|Any CPU.ActiveCfg = Release|Any CPU
		{C335B1E1-CD17-4611-9A2F-900C789A828A}.Release|Any CPU.Build.0 = Release|Any CPU
		{D6334476-1512-4087-BD12-B61D93B9A017}.Debug|Any CPU.ActiveCfg = Debug|Any CPU
		{D6334476-1512-4087-BD12-B61D93B9A017}.Debug|Any CPU.Build.0 = Debug|Any CPU
		{D6334476-1512-4087-BD12-B61D93B9A017}.Release|Any CPU.ActiveCfg = Release|Any CPU
		{D6334476-1512-4087-BD12-B61D93B9A017}.Release|Any CPU.Build.0 = Release|Any CPU
	EndGlobalSection
	GlobalSection(SolutionProperties) = preSolution
		HideSolutionNode = FALSE
	EndGlobalSection
	GlobalSection(NestedProjects) = preSolution
		{25D32B3E-26A1-4AC3-A541-557CA48EB034} = {46D2EA9C-978D-4914-B561-CCBAA1D164F7}
		{C335B1E1-CD17-4611-9A2F-900C789A828A} = {46D2EA9C-978D-4914-B561-CCBAA1D164F7}
		{D6334476-1512-4087-BD12-B61D93B9A017} = {46D2EA9C-978D-4914-B561-CCBAA1D164F7}
	EndGlobalSection
	GlobalSection(ExtensibilityGlobals) = postSolution
		SolutionGuid = {D7692962-5D24-461C-AC03-3DE06993B647}
	EndGlobalSection
EndGlobal
